
Microsoft Visual Studio Solution File, Format Version 12.00
# Visual Studio Version 17
VisualStudioVersion = 17.13.35828.75
MinimumVisualStudioVersion = 10.0.40219.1
Project("{FAE04EC0-301F-11D3-BF4B-00C04F79EFBC}") = "tmdt", "tmdt\tmdt.csproj", "{BA183DD1-3805-4AFC-B6CA-3B69FAF81335}"
EndProject
Global
	GlobalSection(SolutionConfigurationPlatforms) = preSolution
		Debug|Any CPU = Debug|Any CPU
		Release|Any CPU = Release|Any CPU
	EndGlobalSection
	GlobalSection(ProjectConfigurationPlatforms) = postSolution
		{BA183DD1-3805-4AFC-B6CA-3B69FAF81335}.Debug|Any CPU.ActiveCfg = Debug|Any CPU
		{BA183DD1-3805-4AFC-B6CA-3B69FAF81335}.Debug|Any CPU.Build.0 = Debug|Any CPU
		{BA183DD1-3805-4AFC-B6CA-3B69FAF81335}.Release|Any CPU.ActiveCfg = Release|Any CPU
		{BA183DD1-3805-4AFC-B6CA-3B69FAF81335}.Release|Any CPU.Build.0 = Release|Any CPU
	EndGlobalSection
	GlobalSection(SolutionProperties) = preSolution
		HideSolutionNode = FALSE
	EndGlobalSection
	GlobalSection(ExtensibilityGlobals) = postSolution
		SolutionGuid = {1DD7A92C-6544-41BA-9A07-033689E16F20}
	EndGlobalSection
EndGlobal
